
Microsoft Visual Studio Solution File, Format Version 12.00
# Visual Studio Version 17
VisualStudioVersion = 17.14.36623.8
MinimumVisualStudioVersion = 10.0.40219.1
Project("{FAE04EC0-301F-11D3-BF4B-00C04F79EFBC}") = "BlogPlatform", "BlogPlatform\BlogPlatform.csproj", "{0CB5C18C-14D5-46B0-868A-51AB7240F133}"
EndProject
Project("{FAE04EC0-301F-11D3-BF4B-00C04F79EFBC}") = "BlogPlatform.Data", "BlogPlatform.Data\BlogPlatform.Data.csproj", "{A3642720-2034-47EE-92D1-CF4C745370AF}"
EndProject
Project("{FAE04EC0-301F-11D3-BF4B-00C04F79EFBC}") = "BlogPlatform.API", "BlogPlatform.API\BlogPlatform.API.csproj", "{B4EC54E5-E9C3-47AD-96A5-FA84C662E0C3}"
EndProject
Global
	GlobalSection(SolutionConfigurationPlatforms) = preSolution
		Debug|Any CPU = Debug|Any CPU
		Release|Any CPU = Release|Any CPU
	EndGlobalSection
	GlobalSection(ProjectConfigurationPlatforms) = postSolution
		{0CB5C18C-14D5-46B0-868A-51AB7240F133}.Debug|Any CPU.ActiveCfg = Debug|Any CPU
		{0CB5C18C-14D5-46B0-868A-51AB7240F133}.Debug|Any CPU.Build.0 = Debug|Any CPU
		{0CB5C18C-14D5-46B0-868A-51AB7240F133}.Release|Any CPU.ActiveCfg = Release|Any CPU
		{0CB5C18C-14D5-46B0-868A-51AB7240F133}.Release|Any CPU.Build.0 = Release|Any CPU
		{A3642720-2034-47EE-92D1-CF4C745370AF}.Debug|Any CPU.ActiveCfg = Debug|Any CPU
		{A3642720-2034-47EE-92D1-CF4C745370AF}.Debug|Any CPU.Build.0 = Debug|Any CPU
		{A3642720-2034-47EE-92D1-CF4C745370AF}.Release|Any CPU.ActiveCfg = Release|Any CPU
		{A3642720-2034-47EE-92D1-CF4C745370AF}.Release|Any CPU.Build.0 = Release|Any CPU
		{B4EC54E5-E9C3-47AD-96A5-FA84C662E0C3}.Debug|Any CPU.ActiveCfg = Debug|Any CPU
		{B4EC54E5-E9C3-47AD-96A5-FA84C662E0C3}.Debug|Any CPU.Build.0 = Debug|Any CPU
		{B4EC54E5-E9C3-47AD-96A5-FA84C662E0C3}.Release|Any CPU.ActiveCfg = Release|Any CPU
		{B4EC54E5-E9C3-47AD-96A5-FA84C662E0C3}.Release|Any CPU.Build.0 = Release|Any CPU
	EndGlobalSection
	GlobalSection(SolutionProperties) = preSolution
		HideSolutionNode = FALSE
	EndGlobalSection
	GlobalSection(ExtensibilityGlobals) = postSolution
		SolutionGuid = {A5A6E6A9-56BF-475E-8B38-113D402AD4A4}
	EndGlobalSection
EndGlobal
